Microsoft Visual Studio Solution File, Format Version 12.00
# Visual Studio Version 17
VisualStudioVersion = 17.5.2.0
MinimumVisualStudioVersion = 10.0.40219.1
Project("{FAE04EC0-301F-11D3-BF4B-00C04F79EFBC}") = "mcp-server-dotnet", "mcp-server-dotnet.csproj", "{5DE12E39-A155-D1B3-4893-FAFA6366FFF3}"
EndProject
Global
	GlobalSection(SolutionConfigurationPlatforms) = preSolution
		Debug|Any CPU = Debug|Any CPU
		Release|Any CPU = Release|Any CPU
	EndGlobalSection
	GlobalSection(ProjectConfigurationPlatforms) = postSolution
		{5DE12E39-A155-D1B3-4893-FAFA6366FFF3}.Debug|Any CPU.ActiveCfg = Debug|Any CPU
		{5DE12E39-A155-D1B3-4893-FAFA6366FFF3}.Debug|Any CPU.Build.0 = Debug|Any CPU
		{5DE12E39-A155-D1B3-4893-FAFA6366FFF3}.Release|Any CPU.ActiveCfg = Release|Any CPU
		{5DE12E39-A155-D1B3-4893-FAFA6366FFF3}.Release|Any CPU.Build.0 = Release|Any CPU
	EndGlobalSection
	GlobalSection(SolutionProperties) = preSolution
		HideSolutionNode = FALSE
	EndGlobalSection
	GlobalSection(ExtensibilityGlobals) = postSolution
		SolutionGuid = {44594D2F-6B7D-401C-8603-4C08B97E0AFD}
	EndGlobalSection
EndGlobal
